
Microsoft Visual Studio Solution File, Format Version 12.00
# Visual Studio Version 17
VisualStudioVersion = 17.11.35327.3
MinimumVisualStudioVersion = 10.0.40219.1
Project("{9A19103F-16F7-4668-BE54-9A1E7A4F7556}") = "ProductManagementApi", "ProductManagementApi\ProductManagementApi.csproj", "{0C88B1A4-7610-42C6-B363-02BA7EFA4A03}"
EndProject
Project("{9A19103F-16F7-4668-BE54-9A1E7A4F7556}") = "ProductManagementWpf", "..\Desktop\ProductManagementWpf\ProductManagementWpf.csproj", "{BA30C3CB-D203-49CA-A3CA-F02C24077DC1}"
EndProject
Global
	GlobalSection(SolutionConfigurationPlatforms) = preSolution
		Debug|Any CPU = Debug|Any CPU
		Release|Any CPU = Release|Any CPU
	EndGlobalSection
	GlobalSection(ProjectConfigurationPlatforms) = postSolution
		{0C88B1A4-7610-42C6-B363-02BA7EFA4A03}.Debug|Any CPU.ActiveCfg = Debug|Any CPU
		{0C88B1A4-7610-42C6-B363-02BA7EFA4A03}.Debug|Any CPU.Build.0 = Debug|Any CPU
		{0C88B1A4-7610-42C6-B363-02BA7EFA4A03}.Release|Any CPU.ActiveCfg = Release|Any CPU
		{0C88B1A4-7610-42C6-B363-02BA7EFA4A03}.Release|Any CPU.Build.0 = Release|Any CPU
		{BA30C3CB-D203-49CA-A3CA-F02C24077DC1}.Debug|Any CPU.ActiveCfg = Debug|Any CPU
		{BA30C3CB-D203-49CA-A3CA-F02C24077DC1}.Debug|Any CPU.Build.0 = Debug|Any CPU
		{BA30C3CB-D203-49CA-A3CA-F02C24077DC1}.Release|Any CPU.ActiveCfg = Release|Any CPU
		{BA30C3CB-D203-49CA-A3CA-F02C24077DC1}.Release|Any CPU.Build.0 = Release|Any CPU
	EndGlobalSection
	GlobalSection(SolutionProperties) = preSolution
		HideSolutionNode = FALSE
	EndGlobalSection
	GlobalSection(ExtensibilityGlobals) = postSolution
		SolutionGuid = {F97E18DE-E7D3-471E-B60C-0E2BE906E8FE}
	EndGlobalSection
EndGlobal
